# This file is generated by running "yarn install" inside your project.
# Manual changes might be lost - proceed with caution!

__metadata:
  version: 8
  cacheKey: 10c0

"@electron/symbol-server@workspace:.":
  version: 0.0.0-use.local
  resolution: "@electron/symbol-server@workspace:."
  dependencies:
    "@types/http-proxy": "npm:^1.17.6"
    "@types/lru-cache": "npm:^5.1.0"
    "@types/node": "npm:^15.6.1"
    "@types/uuid": "npm:^8.3.0"
    http-proxy: "npm:^1.18.1"
    lru-cache: "npm:^6.0.0"
    typescript: "npm:^4.3.2"
    uuid: "npm:^8.3.2"
  languageName: unknown
  linkType: soft

"@types/http-proxy@npm:^1.17.6":
  version: 1.17.6
  resolution: "@types/http-proxy@npm:1.17.6"
  dependencies:
    "@types/node": "npm:*"
  checksum: 10c0/175157a886cf5b808dd0ab962a00e5568b9ae6b51c8cc59719878e729d52bc07727481673aa30e71a2026cf3bf74cc0db9caacd1d2f26063f19d069d7cf59ba9
  languageName: node
  linkType: hard

"@types/lru-cache@npm:^5.1.0":
  version: 5.1.0
  resolution: "@types/lru-cache@npm:5.1.0"
  checksum: 10c0/765b5cf6a3a003473b4e7d20f192b2c4fbf4a311defa5daab0395e68a7de8c1621a838dfdd9a0cb1b56c3f30dc84523e7101a96c09b44671cf685d35abd10554
  languageName: node
  linkType: hard

"@types/node@npm:*":
  version: 14.0.13
  resolution: "@types/node@npm:14.0.13"
  checksum: 10c0/5edf0b5ee9f4a0d7dcfe6775d097f85395bf1d9cdbc54410cccb562ef7c5198cb49cad299028a0bc86f21e7c2895a97b0a2a6813408ca6144eb6763f545e0b14
  languageName: node
  linkType: hard

"@types/node@npm:^15.6.1":
  version: 15.6.1
  resolution: "@types/node@npm:15.6.1"
  checksum: 10c0/e3de56c8490d607f9adcdfd30dc52c8f97109fd80828b0dfbaa94a731ba67e790ce2b7f228098ac9e0bd735039c2eec1f412fa8d7ff90ae8a55c708223885eec
  languageName: node
  linkType: hard

"@types/uuid@npm:^8.3.0":
  version: 8.3.0
  resolution: "@types/uuid@npm:8.3.0"
  checksum: 10c0/b39ede3212609c3460b14446629796ab6acb61227a249e89d4d188fed84acfe71569b7d01b30a39f4443703810bf2b0959e586e0334d7088f11ec8606d373cde
  languageName: node
  linkType: hard

"eventemitter3@npm:^4.0.0":
  version: 4.0.4
  resolution: "eventemitter3@npm:4.0.4"
  checksum: 10c0/2a7e5c4f605e7d0ab96addcf0d98cddfadb242ea6e3504dc5c91b6b0aa411df086d8de8a8b75978d117573d106929c8d0cb94b089e7768dfb0de4e6bf07be73d
  languageName: node
  linkType: hard

"follow-redirects@npm:^1.0.0":
  version: 1.15.6
  resolution: "follow-redirects@npm:1.15.6"
  peerDependenciesMeta:
    debug:
      optional: true
  checksum: 10c0/9ff767f0d7be6aa6870c82ac79cf0368cd73e01bbc00e9eb1c2a16fbb198ec105e3c9b6628bb98e9f3ac66fe29a957b9645bcb9a490bb7aa0d35f908b6b85071
  languageName: node
  linkType: hard

"http-proxy@npm:^1.18.1":
  version: 1.18.1
  resolution: "http-proxy@npm:1.18.1"
  dependencies:
    eventemitter3: "npm:^4.0.0"
    follow-redirects: "npm:^1.0.0"
    requires-port: "npm:^1.0.0"
  checksum: 10c0/148dfa700a03fb421e383aaaf88ac1d94521dfc34072f6c59770528c65250983c2e4ec996f2f03aa9f3fe46cd1270a593126068319311e3e8d9e610a37533e94
  languageName: node
  linkType: hard

"lru-cache@npm:^6.0.0":
  version: 6.0.0
  resolution: "lru-cache@npm:6.0.0"
  dependencies:
    yallist: "npm:^4.0.0"
  checksum: 10c0/cb53e582785c48187d7a188d3379c181b5ca2a9c78d2bce3e7dee36f32761d1c42983da3fe12b55cb74e1779fa94cdc2e5367c028a9b35317184ede0c07a30a9
  languageName: node
  linkType: hard

"requires-port@npm:^1.0.0":
  version: 1.0.0
  resolution: "requires-port@npm:1.0.0"
  checksum: 10c0/b2bfdd09db16c082c4326e573a82c0771daaf7b53b9ce8ad60ea46aa6e30aaf475fe9b164800b89f93b748d2c234d8abff945d2551ba47bf5698e04cd7713267
  languageName: node
  linkType: hard

"typescript@npm:^4.3.2":
  version: 4.3.2
  resolution: "typescript@npm:4.3.2"
  bin:
    tsc: bin/tsc
    tsserver: bin/tsserver
  checksum: 10c0/d66adfd99f7e1de875135910e389231261b509d7313a77489fed6a7eed518170056d7392433a9df1ad780f44e645050c6108ee18ef362ec3c306e50b5f14b382
  languageName: node
  linkType: hard

"typescript@patch:typescript@npm%3A^4.3.2#optional!builtin<compat/typescript>":
  version: 4.3.2
  resolution: "typescript@patch:typescript@npm%3A4.3.2#optional!builtin<compat/typescript>::version=4.3.2&hash=dba6d9"
  bin:
    tsc: bin/tsc
    tsserver: bin/tsserver
  checksum: 10c0/1d040c5d4dde256588b3f56a34bac4f62bd64bbfea8e45f138e4c9cfca554b12e79710526d30394281a35d3c66650290307c16b7c1a5a1ef349cdee5bcb922fd
  languageName: node
  linkType: hard

"uuid@npm:^8.3.2":
  version: 8.3.2
  resolution: "uuid@npm:8.3.2"
  bin:
    uuid: dist/bin/uuid
  checksum: 10c0/bcbb807a917d374a49f475fae2e87fdca7da5e5530820ef53f65ba1d12131bd81a92ecf259cc7ce317cbe0f289e7d79fdfebcef9bfa3087c8c8a2fa304c9be54
  languageName: node
  linkType: hard

"yallist@npm:^4.0.0":
  version: 4.0.0
  resolution: "yallist@npm:4.0.0"
  checksum: 10c0/2286b5e8dbfe22204ab66e2ef5cc9bbb1e55dfc873bbe0d568aa943eb255d131890dfd5bf243637273d31119b870f49c18fcde2c6ffbb7a7a092b870dc90625a
  languageName: node
  linkType: hard
